
Microsoft Visual Studio Solution File, Format Version 12.00
# Visual Studio 15
VisualStudioVersion = 15.0.28307.421
MinimumVisualStudioVersion = 10.0.40219.1
Project("{FAE04EC0-301F-11D3-BF4B-00C04F79EFBC}") = "BacaFile", "BacaFile\BacaFile.csproj", "{1E38C9F0-913D-4612-B0D4-D95EB607C353}"
EndProject
Global
	GlobalSection(SolutionConfigurationPlatforms) = preSolution
		Debug|Any CPU = Debug|Any CPU
		Release|Any CPU = Release|Any CPU
	EndGlobalSection
	GlobalSection(ProjectConfigurationPlatforms) = postSolution
		{1E38C9F0-913D-4612-B0D4-D95EB607C353}.Debug|Any CPU.ActiveCfg = Debug|Any CPU
		{1E38C9F0-913D-4612-B0D4-D95EB607C353}.Debug|Any CPU.Build.0 = Debug|Any CPU
		{1E38C9F0-913D-4612-B0D4-D95EB607C353}.Release|Any CPU.ActiveCfg = Release|Any CPU
		{1E38C9F0-913D-4612-B0D4-D95EB607C353}.Release|Any CPU.Build.0 = Release|Any CPU
	EndGlobalSection
	GlobalSection(SolutionProperties) = preSolution
		HideSolutionNode = FALSE
	EndGlobalSection
	GlobalSection(ExtensibilityGlobals) = postSolution
		SolutionGuid = {72C3B864-259B-4E06-A351-887C62E1D1F7}
	EndGlobalSection
EndGlobal
